PODS:
  - FlutterMacOS (1.0.0)
  - pretty_button (0.0.1):
    - FlutterMacOS

DEPENDENCIES:
  - FlutterMacOS (from `Flutter/ephemeral`)
  - pretty_button (from `Flutter/ephemeral/.symlinks/plugins/pretty_button/macos`)

EXTERNAL SOURCES:
  FlutterMacOS:
    :path: Flutter/ephemeral
  pretty_button:
    :path: Flutter/ephemeral/.symlinks/plugins/pretty_button/macos

SPEC CHECKSUMS:
  FlutterMacOS: 8f6f14fa908a6fb3fba0cd85dbd81ec4b251fb24
  pretty_button: a6f9351581c1e08206e4664236cf7acbe88a56cc

PODFILE CHECKSUM: 236401fc2c932af29a9fcf0e97baeeb2d750d367

COCOAPODS: 1.12.0
